
Microsoft Visual Studio Solution File, Format Version 12.00
# Visual Studio 15
VisualStudioVersion = 15.0.28307.271
MinimumVisualStudioVersion = 10.0.40219.1
Project("{FAE04EC0-301F-11D3-BF4B-00C04F79EFBC}") = "MakeIcon", "App\MakeIcon.csproj", "{83A62B39-2328-4F40-904B-0115F3E20625}"
EndProject
Global
	GlobalSection(SolutionConfigurationPlatforms) = preSolution
		Debug|Any CPU = Debug|Any CPU
		Release|Any CPU = Release|Any CPU
	EndGlobalSection
	GlobalSection(ProjectConfigurationPlatforms) = postSolution
		{83A62B39-2328-4F40-904B-0115F3E20625}.Debug|Any CPU.ActiveCfg = Debug|Any CPU
		{83A62B39-2328-4F40-904B-0115F3E20625}.Debug|Any CPU.Build.0 = Debug|Any CPU
		{83A62B39-2328-4F40-904B-0115F3E20625}.Release|Any CPU.ActiveCfg = Release|Any CPU
		{83A62B39-2328-4F40-904B-0115F3E20625}.Release|Any CPU.Build.0 = Release|Any CPU
	EndGlobalSection
	GlobalSection(SolutionProperties) = preSolution
		HideSolutionNode = FALSE
	EndGlobalSection
	GlobalSection(ExtensibilityGlobals) = postSolution
		SolutionGuid = {4C16A144-50F0-4D2D-9626-C09534EEE541}
	EndGlobalSection
EndGlobal
